// !$*UTF8*$!
{
	archiveVersion = 1;
	classes = {
	};
	objectVersion = 50;
	objects = {

/* Begin PBXBuildFile section */
		6F089AB22574F6FE0097D570 /* AppDelegate.swift in Sources */ = {isa = PBXBuildFile; fileRef = 6F089AB12574F6FE0097D570 /* AppDelegate.swift */; };
		6F089AB42574F6FE0097D570 /* SceneDelegate.swift in Sources */ = {isa = PBXBuildFile; fileRef = 6F089AB32574F6FE0097D570 /* SceneDelegate.swift */; };
		6F089AB62574F6FE0097D570 /* ViewController.swift in Sources */ = {isa = PBXBuildFile; fileRef = 6F089AB52574F6FE0097D570 /* ViewController.swift */; };
		6F089AB92574F6FE0097D570 /* Main.storyboard in Resources */ = {isa = PBXBuildFile; fileRef = 6F089AB72574F6FE0097D570 /* Main.storyboard */; };
		6F089ABB2574F7010097D570 /* Assets.xcassets in Resources */ = {isa = PBXBuildFile; fileRef = 6F089ABA2574F7010097D570 /* Assets.xcassets */; };
		6F089ABE2574F7010097D570 /* LaunchScreen.storyboard in Resources */ = {isa = PBXBuildFile; fileRef = 6F089ABC2574F7010097D570 /* LaunchScreen.storyboard */; };
		6F089AC8257502D00097D570 /* RecognitionViewController.swift in Sources */ = {isa = PBXBuildFile; fileRef = 6F089AC7257502D00097D570 /* RecognitionViewController.swift */; };
		6F089ACB257505350097D570 /* MikrobittiCoverDetector1.mlmodel in Sources */ = {isa = PBXBuildFile; fileRef = 6F089ACA257505350097D570 /* MikrobittiCoverDetector1.mlmodel */; };
/* End PBXBuildFile section */

/* Begin PBXFileReference section */
		6F089AAE2574F6FE0097D570 /* MagazineDemo.app */ = {isa = PBXFileReference; explicitFileType = wrapper.application; includeInIndex = 0; path = MagazineDemo.app; sourceTree = BUILT_PRODUCTS_DIR; };
		6F089AB12574F6FE0097D570 /* AppDelegate.swift */ = {isa = PBXFileReference; lastKnownFileType = sourcecode.swift; path = AppDelegate.swift; sourceTree = "<group>"; };
		6F089AB32574F6FE0097D570 /* SceneDelegate.swift */ = {isa = PBXFileReference; lastKnownFileType = sourcecode.swift; path = SceneDelegate.swift; sourceTree = "<group>"; };
		6F089AB52574F6FE0097D570 /* ViewController.swift */ = {isa = PBXFileReference; lastKnownFileType = sourcecode.swift; path = ViewController.swift; sourceTree = "<group>"; };
		6F089AB82574F6FE0097D570 /* Base */ = {isa = PBXFileReference; lastKnownFileType = file.storyboard; name = Base; path = Base.lproj/Main.storyboard; sourceTree = "<group>"; };
		6F089ABA2574F7010097D570 /* Assets.xcassets */ = {isa = PBXFileReference; lastKnownFileType = folder.assetcatalog; path = Assets.xcassets; sourceTree = "<group>"; };
		6F089ABD2574F7010097D570 /* Base */ = {isa = PBXFileReference; lastKnownFileType = file.storyboard; name = Base; path = Base.lproj/LaunchScreen.storyboard; sourceTree = "<group>"; };
		6F089ABF2574F7010097D570 /* Info.plist */ = {isa = PBXFileReference; lastKnownFileType = text.plist.xml; path = Info.plist; sourceTree = "<group>"; };
		6F089AC7257502D00097D570 /* RecognitionViewController.swift */ = {isa = PBXFileReference; lastKnownFileType = sourcecode.swift; path = RecognitionViewController.swift; sourceTree = "<group>"; };
		6F089ACA257505350097D570 /* MikrobittiCoverDetector1.mlmodel */ = {isa = PBXFileReference; lastKnownFileType = file.mlmodel; path = MikrobittiCoverDetector1.mlmodel; sourceTree = "<group>"; };
/* End PBXFileReference section */

/* Begin PBXFrameworksBuildPhase section */
		6F089AAB2574F6FE0097D570 /* Frameworks */ = {
			isa = PBXFrameworksBuildPhase;
			buildActionMask = 2147483647;
			files = (
			);
			runOnlyForDeploymentPostprocessing = 0;
		};
/* End PBXFrameworksBuildPhase section */

/* Begin PBXGroup section */
		6F089AA52574F6FE0097D570 = {
			isa = PBXGroup;
			children = (
				6F089AB02574F6FE0097D570 /* MagazineDemo */,
				6F089AAF2574F6FE0097D570 /* Products */,
			);
			sourceTree = "<group>";
		};
		6F089AAF2574F6FE0097D570 /* Products */ = {
			isa = PBXGroup;
			children = (
				6F089AAE2574F6FE0097D570 /* MagazineDemo.app */,
			);
			name = Products;
			sourceTree = "<group>";
		};
		6F089AB02574F6FE0097D570 /* MagazineDemo */ = {
			isa = PBXGroup;
			children = (
				6F089AB12574F6FE0097D570 /* AppDelegate.swift */,
				6F089AB32574F6FE0097D570 /* SceneDelegate.swift */,
				6F089AB52574F6FE0097D570 /* ViewController.swift */,
				6F089AC7257502D00097D570 /* RecognitionViewController.swift */,
				6F089AB72574F6FE0097D570 /* Main.storyboard */,
				6F089ABA2574F7010097D570 /* Assets.xcassets */,
				6F089ABC2574F7010097D570 /* LaunchScreen.storyboard */,
				6F089ABF2574F7010097D570 /* Info.plist */,
				6F089ACA257505350097D570 /* MikrobittiCoverDetector1.mlmodel */,
			);
			path = MagazineDemo;
			sourceTree = "<group>";
		};
/* End PBXGroup section */

/* Begin PBXNativeTarget section */
		6F089AAD2574F6FE0097D570 /* MagazineDemo */ = {
			isa = PBXNativeTarget;
			buildConfigurationList = 6F089AC22574F7010097D570 /* Build configuration list for PBXNativeTarget "MagazineDemo" */;
			buildPhases = (
				6F089AAA2574F6FE0097D570 /* Sources */,
				6F089AAB2574F6FE0097D570 /* Frameworks */,
				6F089AAC2574F6FE0097D570 /* Resources */,
			);
			buildRules = (
			);
			dependencies = (
			);
			name = MagazineDemo;
			productName = MagazineDemo;
			productReference = 6F089AAE2574F6FE0097D570 /* MagazineDemo.app */;
			productType = "com.apple.product-type.application";
		};
/* End PBXNativeTarget section */

/* Begin PBXProject section */
		6F089AA62574F6FE0097D570 /* Project object */ = {
			isa = PBXProject;
			attributes = {
				LastSwiftUpdateCheck = 1220;
				LastUpgradeCheck = 1220;
				TargetAttributes = {
					6F089AAD2574F6FE0097D570 = {
						CreatedOnToolsVersion = 12.2;
					};
				};
			};
			buildConfigurationList = 6F089AA92574F6FE0097D570 /* Build configuration list for PBXProject "MagazineDemo" */;
			compatibilityVersion = "Xcode 9.3";
			developmentRegion = en;
			hasScannedForEncodings = 0;
			knownRegions = (
				en,
				Base,
			);
			mainGroup = 6F089AA52574F6FE0097D570;
			productRefGroup = 6F089AAF2574F6FE0097D570 /* Products */;
			projectDirPath = "";
			projectRoot = "";
			targets = (
				6F089AAD2574F6FE0097D570 /* MagazineDemo */,
			);
		};
/* End PBXProject section */

/* Begin PBXResourcesBuildPhase section */
		6F089AAC2574F6FE0097D570 /* Resources */ = {
			isa = PBXResourcesBuildPhase;
			buildActionMask = 2147483647;
			files = (
				6F089ABE2574F7010097D570 /* LaunchScreen.storyboard in Resources */,
				6F089ABB2574F7010097D570 /* Assets.xcassets in Resources */,
				6F089AB92574F6FE0097D570 /* Main.storyboard in Resources */,
			);
			runOnlyForDeploymentPostprocessing = 0;
		};
/* End PBXResourcesBuildPhase section */

/* Begin PBXSourcesBuildPhase section */
		6F089AAA2574F6FE0097D570 /* Sources */ = {
			isa = PBXSourcesBuildPhase;
			buildActionMask = 2147483647;
			files = (
				6F089AB62574F6FE0097D570 /* ViewController.swift in Sources */,
				6F089ACB257505350097D570 /* MikrobittiCoverDetector1.mlmodel in Sources */,
				6F089AB22574F6FE0097D570 /* AppDelegate.swift in Sources */,
				6F089AC8257502D00097D570 /* RecognitionViewController.swift in Sources */,
				6F089AB42574F6FE0097D570 /* SceneDelegate.swift in Sources */,
			);
			runOnlyForDeploymentPostprocessing = 0;
		};
/* End PBXSourcesBuildPhase section */

/* Begin PBXVariantGroup section */
		6F089AB72574F6FE0097D570 /* Main.storyboard */ = {
			isa = PBXVariantGroup;
			children = (
				6F089AB82574F6FE0097D570 /* Base */,
			);
			name = Main.storyboard;
			sourceTree = "<group>";
		};
		6F089ABC2574F7010097D570 /* LaunchScreen.storyboard */ = {
			isa = PBXVariantGroup;
			children = (
				6F089ABD2574F7010097D570 /* Base */,
			);
			name = LaunchScreen.storyboard;
			sourceTree = "<group>";
		};
/* End PBXVariantGroup section */

/* Begin XCBuildConfiguration section */
		6F089AC02574F7010097D570 /* Debug */ = {
			isa = XCBuildConfiguration;
			buildSettings = {
				ALWAYS_SEARCH_USER_PATHS = NO;
				CLANG_ANALYZER_NONNULL = YES;
				CLANG_ANALYZER_NUMBER_OBJECT_CONVERSION = YES_AGGRESSIVE;
				CLANG_CXX_LANGUAGE_STANDARD = "gnu++14";
				CLANG_CXX_LIBRARY = "libc++";
				CLANG_ENABLE_MODULES = YES;
				CLANG_ENABLE_OBJC_ARC = YES;
				CLANG_ENABLE_OBJC_WEAK = YES;
				CLANG_WARN_BLOCK_CAPTURE_AUTORELEASING = YES;
				CLANG_WARN_BOOL_CONVERSION = YES;
				CLANG_WARN_COMMA = YES;
				CLANG_WARN_CONSTANT_CONVERSION = YES;
				CLANG_WARN_DEPRECATED_OBJC_IMPLEMENTATIONS = YES;
				CLANG_WARN_DIRECT_OBJC_ISA_USAGE = YES_ERROR;
				CLANG_WARN_DOCUMENTATION_COMMENTS = YES;
				CLANG_WARN_EMPTY_BODY = YES;
				CLANG_WARN_ENUM_CONVERSION = YES;
				CLANG_WARN_INFINITE_RECURSION = YES;
				CLANG_WARN_INT_CONVERSION = YES;
				CLANG_WARN_NON_LITERAL_NULL_CONVERSION = YES;
				CLANG_WARN_OBJC_IMPLICIT_RETAIN_SELF = YES;
				CLANG_WARN_OBJC_LITERAL_CONVERSION = YES;
				CLANG_WARN_OBJC_ROOT_CLASS = YES_ERROR;
				CLANG_WARN_QUOTED_INCLUDE_IN_FRAMEWORK_HEADER = YES;
				CLANG_WARN_RANGE_LOOP_ANALYSIS = YES;
				CLANG_WARN_STRICT_PROTOTYPES = YES;
				CLANG_WARN_SUSPICIOUS_MOVE = YES;
				CLANG_WARN_UNGUARDED_AVAILABILITY = YES_AGGRESSIVE;
				CLANG_WARN_UNREACHABLE_CODE = YES;
				CLANG_WARN__DUPLICATE_METHOD_MATCH = YES;
				COPY_PHASE_STRIP = NO;
				DEBUG_INFORMATION_FORMAT = dwarf;
				ENABLE_STRICT_OBJC_MSGSEND = YES;
				ENABLE_TESTABILITY = YES;
				GCC_C_LANGUAGE_STANDARD = gnu11;
				GCC_DYNAMIC_NO_PIC = NO;
				GCC_NO_COMMON_BLOCKS = YES;
				GCC_OPTIMIZATION_LEVEL = 0;
				GCC_PREPROCESSOR_DEFINITIONS = (
					"DEBUG=1",
					"$(inherited)",
				);
				GCC_WARN_64_TO_32_BIT_CONVERSION = YES;
				GCC_WARN_ABOUT_RETURN_TYPE = YES_ERROR;
				GCC_WARN_UNDECLARED_SELECTOR = YES;
				GCC_WARN_UNINITIALIZED_AUTOS = YES_AGGRESSIVE;
				GCC_WARN_UNUSED_FUNCTION = YES;
				GCC_WARN_UNUSED_VARIABLE = YES;
				IPHONEOS_DEPLOYMENT_TARGET = 14.2;
				MTL_ENABLE_DEBUG_INFO = INCLUDE_SOURCE;
				MTL_FAST_MATH = YES;
				ONLY_ACTIVE_ARCH = YES;
				SDKROOT = iphoneos;
				SWIFT_ACTIVE_COMPILATION_CONDITIONS = DEBUG;
				SWIFT_OPTIMIZATION_LEVEL = "-Onone";
			};
			name = Debug;
		};
		6F089AC12574F7010097D570 /* Release */ = {
			isa = XCBuildConfiguration;
			buildSettings = {
				ALWAYS_SEARCH_USER_PATHS = NO;
				CLANG_ANALYZER_NONNULL = YES;
				CLANG_ANALYZER_NUMBER_OBJECT_CONVERSION = YES_AGGRESSIVE;
				CLANG_CXX_LANGUAGE_STANDARD = "gnu++14";
				CLANG_CXX_LIBRARY = "libc++";
				CLANG_ENABLE_MODULES = YES;
				CLANG_ENABLE_OBJC_ARC = YES;
				CLANG_ENABLE_OBJC_WEAK = YES;
				CLANG_WARN_BLOCK_CAPTURE_AUTORELEASING = YES;
				CLANG_WARN_BOOL_CONVERSION = YES;
				CLANG_WARN_COMMA = YES;
				CLANG_WARN_CONSTANT_CONVERSION = YES;
				CLANG_WARN_DEPRECATED_OBJC_IMPLEMENTATIONS = YES;
				CLANG_WARN_DIRECT_OBJC_ISA_USAGE = YES_ERROR;
				CLANG_WARN_DOCUMENTATION_COMMENTS = YES;
				CLANG_WARN_EMPTY_BODY = YES;
				CLANG_WARN_ENUM_CONVERSION = YES;
				CLANG_WARN_INFINITE_RECURSION = YES;
				CLANG_WARN_INT_CONVERSION = YES;
				CLANG_WARN_NON_LITERAL_NULL_CONVERSION = YES;
				CLANG_WARN_OBJC_IMPLICIT_RETAIN_SELF = YES;
				CLANG_WARN_OBJC_LITERAL_CONVERSION = YES;
				CLANG_WARN_OBJC_ROOT_CLASS = YES_ERROR;
				CLANG_WARN_QUOTED_INCLUDE_IN_FRAMEWORK_HEADER = YES;
				CLANG_WARN_RANGE_LOOP_ANALYSIS = YES;
				CLANG_WARN_STRICT_PROTOTYPES = YES;
				CLANG_WARN_SUSPICIOUS_MOVE = YES;
				CLANG_WARN_UNGUARDED_AVAILABILITY = YES_AGGRESSIVE;
				CLANG_WARN_UNREACHABLE_CODE = YES;
				CLANG_WARN__DUPLICATE_METHOD_MATCH = YES;
				COPY_PHASE_STRIP = NO;
				DEBUG_INFORMATION_FORMAT = "dwarf-with-dsym";
				ENABLE_NS_ASSERTIONS = NO;
				ENABLE_STRICT_OBJC_MSGSEND = YES;
				GCC_C_LANGUAGE_STANDARD = gnu11;
				GCC_NO_COMMON_BLOCKS = YES;
				GCC_WARN_64_TO_32_BIT_CONVERSION = YES;
				GCC_WARN_ABOUT_RETURN_TYPE = YES_ERROR;
				GCC_WARN_UNDECLARED_SELECTOR = YES;
				GCC_WARN_UNINITIALIZED_AUTOS = YES_AGGRESSIVE;
				GCC_WARN_UNUSED_FUNCTION = YES;
				GCC_WARN_UNUSED_VARIABLE = YES;
				IPHONEOS_DEPLOYMENT_TARGET = 14.2;
				MTL_ENABLE_DEBUG_INFO = NO;
				MTL_FAST_MATH = YES;
				SDKROOT = iphoneos;
				SWIFT_COMPILATION_MODE = wholemodule;
				SWIFT_OPTIMIZATION_LEVEL = "-O";
				VALIDATE_PRODUCT = YES;
			};
			name = Release;
		};
		6F089AC32574F7010097D570 /* Debug */ = {
			isa = XCBuildConfiguration;
			buildSettings = {
				ASSETCATALOG_COMPILER_APPICON_NAME = AppIcon;
				ASSETCATALOG_COMPILER_GLOBAL_ACCENT_COLOR_NAME = AccentColor;
				CODE_SIGN_STYLE = Automatic;
				DEVELOPMENT_TEAM = F4WY84DJNW;
				INFOPLIST_FILE = MagazineDemo/Info.plist;
				LD_RUNPATH_SEARCH_PATHS = (
					"$(inherited)",
					"@executable_path/Frameworks",
				);
				MARKETING_VERSION = 0.1;
				PRODUCT_BUNDLE_IDENTIFIER = fi.solita.MagazineDemo;
				PRODUCT_NAME = "$(TARGET_NAME)";
				SWIFT_VERSION = 5.0;
				TARGETED_DEVICE_FAMILY = "1,2";
			};
			name = Debug;
		};
		6F089AC42574F7010097D570 /* Release */ = {
			isa = XCBuildConfiguration;
			buildSettings = {
				ASSETCATALOG_COMPILER_APPICON_NAME = AppIcon;
				ASSETCATALOG_COMPILER_GLOBAL_ACCENT_COLOR_NAME = AccentColor;
				CODE_SIGN_STYLE = Automatic;
				DEVELOPMENT_TEAM = F4WY84DJNW;
				INFOPLIST_FILE = MagazineDemo/Info.plist;
				LD_RUNPATH_SEARCH_PATHS = (
					"$(inherited)",
					"@executable_path/Frameworks",
				);
				MARKETING_VERSION = 0.1;
				PRODUCT_BUNDLE_IDENTIFIER = fi.solita.MagazineDemo;
				PRODUCT_NAME = "$(TARGET_NAME)";
				SWIFT_VERSION = 5.0;
				TARGETED_DEVICE_FAMILY = "1,2";
			};
			name = Release;
		};
/* End XCBuildConfiguration section */

/* Begin XCConfigurationList section */
		6F089AA92574F6FE0097D570 /* Build configuration list for PBXProject "MagazineDemo" */ = {
			isa = XCConfigurationList;
			buildConfigurations = (
				6F089AC02574F7010097D570 /* Debug */,
				6F089AC12574F7010097D570 /* Release */,
			);
			defaultConfigurationIsVisible = 0;
			defaultConfigurationName = Release;
		};
		6F089AC22574F7010097D570 /* Build configuration list for PBXNativeTarget "MagazineDemo" */ = {
			isa = XCConfigurationList;
			buildConfigurations = (
				6F089AC32574F7010097D570 /* Debug */,
				6F089AC42574F7010097D570 /* Release */,
			);
			defaultConfigurationIsVisible = 0;
			defaultConfigurationName = Release;
		};
/* End XCConfigurationList section */
	};
	rootObject = 6F089AA62574F6FE0097D570 /* Project object */;
}
